
Microsoft Visual Studio Solution File, Format Version 12.00
# Visual Studio Version 17
VisualStudioVersion = 17.11.35219.272
MinimumVisualStudioVersion = 10.0.40219.1
Project("{888888A0-9F3D-457C-B088-3A5042F75D52}") = "First Come First Served Scheduler Simulation", "First Come First Served Scheduler Simulation.pyproj", "{258EABB8-C3E4-4447-9BC4-B1719DAAE44A}"
EndProject
Global
	GlobalSection(SolutionConfigurationPlatforms) = preSolution
		Debug|Any CPU = Debug|Any CPU
		Release|Any CPU = Release|Any CPU
	EndGlobalSection
	GlobalSection(ProjectConfigurationPlatforms) = postSolution
		{258EABB8-C3E4-4447-9BC4-B1719DAAE44A}.Debug|Any CPU.ActiveCfg = Debug|Any CPU
		{258EABB8-C3E4-4447-9BC4-B1719DAAE44A}.Release|Any CPU.ActiveCfg = Release|Any CPU
	EndGlobalSection
	GlobalSection(SolutionProperties) = preSolution
		HideSolutionNode = FALSE
	EndGlobalSection
	GlobalSection(ExtensibilityGlobals) = postSolution
		SolutionGuid = {A32D9324-1E17-408E-9D2D-2210B71A751F}
	EndGlobalSection
EndGlobal
